// !$*UTF8*$!
{
	archiveVersion = 1;
	classes = {
	};
	objectVersion = 46;
	objects = {

/* Begin PBXBuildFile section */
		6EFD3283BF8439BC05DF0739 /* Pods_DrewsList.framework in Frameworks */ = {isa = PBXBuildFile; fileRef = EBE2E85CD8D8BEFB7A408E41 /* Pods_DrewsList.framework */; };
		B9522A00F685AEE822144114 /* Pods_DrewsListTests.framework in Frameworks */ = {isa = PBXBuildFile; fileRef = AC92980BE6E95A8C42970D66 /* Pods_DrewsListTests.framework */; };
		EE24937B1D3358BF00B68AE0 /* AppDelegate.swift in Sources */ = {isa = PBXBuildFile; fileRef = EE24937A1D3358BF00B68AE0 /* AppDelegate.swift */; };
		EE2493821D3358BF00B68AE0 /* Assets.xcassets in Resources */ = {isa = PBXBuildFile; fileRef = EE2493811D3358BF00B68AE0 /* Assets.xcassets */; };
		EE2493851D3358BF00B68AE0 /* LaunchScreen.storyboard in Resources */ = {isa = PBXBuildFile; fileRef = EE2493831D3358BF00B68AE0 /* LaunchScreen.storyboard */; };
		EE2493901D3358BF00B68AE0 /* DrewsListTests.swift in Sources */ = {isa = PBXBuildFile; fileRef = EE24938F1D3358BF00B68AE0 /* DrewsListTests.swift */; };
		EE24939B1D3358BF00B68AE0 /* DrewsListUITests.swift in Sources */ = {isa = PBXBuildFile; fileRef = EE24939A1D3358BF00B68AE0 /* DrewsListUITests.swift */; };
		EE2493AB1D33595D00B68AE0 /* CameraView.swift in Sources */ = {isa = PBXBuildFile; fileRef = EE2493AA1D33595D00B68AE0 /* CameraView.swift */; };
		EE2493B01D335BFB00B68AE0 /* GoogleService-Info.plist in Resources */ = {isa = PBXBuildFile; fileRef = EE2493AF1D335BFB00B68AE0 /* GoogleService-Info.plist */; };
/* End PBXBuildFile section */

/* Begin PBXContainerItemProxy section */
		EE24938C1D3358BF00B68AE0 /* PBXContainerItemProxy */ = {
			isa = PBXContainerItemProxy;
			containerPortal = EE24936F1D3358BF00B68AE0 /* Project object */;
			proxyType = 1;
			remoteGlobalIDString = EE2493761D3358BF00B68AE0;
			remoteInfo = DrewsList;
		};
		EE2493971D3358BF00B68AE0 /* PBXContainerItemProxy */ = {
			isa = PBXContainerItemProxy;
			containerPortal = EE24936F1D3358BF00B68AE0 /* Project object */;
			proxyType = 1;
			remoteGlobalIDString = EE2493761D3358BF00B68AE0;
			remoteInfo = DrewsList;
		};
/* End PBXContainerItemProxy section */

/* Begin PBXFileReference section */
		2E91F7817C4D34D74EC7B4B1 /* Pods-DrewsList.debug.xcconfig */ = {isa = PBXFileReference; includeInIndex = 1; lastKnownFileType = text.xcconfig; name = "Pods-DrewsList.debug.xcconfig"; path = "Pods/Target Support Files/Pods-DrewsList/Pods-DrewsList.debug.xcconfig"; sourceTree = "<group>"; };
		61450A4F86E6F6ADB32DD346 /* Pods-DrewsListTests.release.xcconfig */ = {isa = PBXFileReference; includeInIndex = 1; lastKnownFileType = text.xcconfig; name = "Pods-DrewsListTests.release.xcconfig"; path = "Pods/Target Support Files/Pods-DrewsListTests/Pods-DrewsListTests.release.xcconfig"; sourceTree = "<group>"; };
		620233B748DA1D6498A5F05F /* Pods-DrewsListTests.debug.xcconfig */ = {isa = PBXFileReference; includeInIndex = 1; lastKnownFileType = text.xcconfig; name = "Pods-DrewsListTests.debug.xcconfig"; path = "Pods/Target Support Files/Pods-DrewsListTests/Pods-DrewsListTests.debug.xcconfig"; sourceTree = "<group>"; };
		AC92980BE6E95A8C42970D66 /* Pods_DrewsListTests.framework */ = {isa = PBXFileReference; explicitFileType = wrapper.framework; includeInIndex = 0; path = Pods_DrewsListTests.framework; sourceTree = BUILT_PRODUCTS_DIR; };
		CC9EAA882C13FB681741A88A /* Pods-DrewsList.release.xcconfig */ = {isa = PBXFileReference; includeInIndex = 1; lastKnownFileType = text.xcconfig; name = "Pods-DrewsList.release.xcconfig"; path = "Pods/Target Support Files/Pods-DrewsList/Pods-DrewsList.release.xcconfig"; sourceTree = "<group>"; };
		EBE2E85CD8D8BEFB7A408E41 /* Pods_DrewsList.framework */ = {isa = PBXFileReference; explicitFileType = wrapper.framework; includeInIndex = 0; path = Pods_DrewsList.framework; sourceTree = BUILT_PRODUCTS_DIR; };
		EE2493771D3358BF00B68AE0 /* DrewsList.app */ = {isa = PBXFileReference; explicitFileType = wrapper.application; includeInIndex = 0; path = DrewsList.app; sourceTree = BUILT_PRODUCTS_DIR; };
		EE24937A1D3358BF00B68AE0 /* AppDelegate.swift */ = {isa = PBXFileReference; lastKnownFileType = sourcecode.swift; path = AppDelegate.swift; sourceTree = "<group>"; };
		EE2493811D3358BF00B68AE0 /* Assets.xcassets */ = {isa = PBXFileReference; lastKnownFileType = folder.assetcatalog; path = Assets.xcassets; sourceTree = "<group>"; };
		EE2493841D3358BF00B68AE0 /* Base */ = {isa = PBXFileReference; lastKnownFileType = file.storyboard; name = Base; path = Base.lproj/LaunchScreen.storyboard; sourceTree = "<group>"; };
		EE2493861D3358BF00B68AE0 /* Info.plist */ = {isa = PBXFileReference; lastKnownFileType = text.plist.xml; path = Info.plist; sourceTree = "<group>"; };
		EE24938B1D3358BF00B68AE0 /* DrewsListTests.xctest */ = {isa = PBXFileReference; explicitFileType = wrapper.cfbundle; includeInIndex = 0; path = DrewsListTests.xctest; sourceTree = BUILT_PRODUCTS_DIR; };
		EE24938F1D3358BF00B68AE0 /* DrewsListTests.swift */ = {isa = PBXFileReference; lastKnownFileType = sourcecode.swift; path = DrewsListTests.swift; sourceTree = "<group>"; };
		EE2493911D3358BF00B68AE0 /* Info.plist */ = {isa = PBXFileReference; lastKnownFileType = text.plist.xml; path = Info.plist; sourceTree = "<group>"; };
		EE2493961D3358BF00B68AE0 /* DrewsListUITests.xctest */ = {isa = PBXFileReference; explicitFileType = wrapper.cfbundle; includeInIndex = 0; path = DrewsListUITests.xctest; sourceTree = BUILT_PRODUCTS_DIR; };
		EE24939A1D3358BF00B68AE0 /* DrewsListUITests.swift */ = {isa = PBXFileReference; lastKnownFileType = sourcecode.swift; path = DrewsListUITests.swift; sourceTree = "<group>"; };
		EE24939C1D3358BF00B68AE0 /* Info.plist */ = {isa = PBXFileReference; lastKnownFileType = text.plist.xml; path = Info.plist; sourceTree = "<group>"; };
		EE2493AA1D33595D00B68AE0 /* CameraView.swift */ = {isa = PBXFileReference; fileEncoding = 4; lastKnownFileType = sourcecode.swift; path = CameraView.swift; sourceTree = "<group>"; };
		EE2493AF1D335BFB00B68AE0 /* GoogleService-Info.plist */ = {isa = PBXFileReference; fileEncoding = 4; lastKnownFileType = text.plist.xml; path = "GoogleService-Info.plist"; sourceTree = "<group>"; };
/* End PBXFileReference section */

/* Begin PBXFrameworksBuildPhase section */
		EE2493741D3358BF00B68AE0 /* Frameworks */ = {
			isa = PBXFrameworksBuildPhase;
			buildActionMask = 2147483647;
			files = (
				6EFD3283BF8439BC05DF0739 /* Pods_DrewsList.framework in Frameworks */,
			);
			runOnlyForDeploymentPostprocessing = 0;
		};
		EE2493881D3358BF00B68AE0 /* Frameworks */ = {
			isa = PBXFrameworksBuildPhase;
			buildActionMask = 2147483647;
			files = (
				B9522A00F685AEE822144114 /* Pods_DrewsListTests.framework in Frameworks */,
			);
			runOnlyForDeploymentPostprocessing = 0;
		};
		EE2493931D3358BF00B68AE0 /* Frameworks */ = {
			isa = PBXFrameworksBuildPhase;
			buildActionMask = 2147483647;
			files = (
			);
			runOnlyForDeploymentPostprocessing = 0;
		};
/* End PBXFrameworksBuildPhase section */

/* Begin PBXGroup section */
		58CFF0135C8DF77CC0DA82EA /* Pods */ = {
			isa = PBXGroup;
			children = (
				2E91F7817C4D34D74EC7B4B1 /* Pods-DrewsList.debug.xcconfig */,
				CC9EAA882C13FB681741A88A /* Pods-DrewsList.release.xcconfig */,
				620233B748DA1D6498A5F05F /* Pods-DrewsListTests.debug.xcconfig */,
				61450A4F86E6F6ADB32DD346 /* Pods-DrewsListTests.release.xcconfig */,
			);
			name = Pods;
			sourceTree = "<group>";
		};
		BB78812FDB59131810969013 /* Frameworks */ = {
			isa = PBXGroup;
			children = (
				EBE2E85CD8D8BEFB7A408E41 /* Pods_DrewsList.framework */,
				AC92980BE6E95A8C42970D66 /* Pods_DrewsListTests.framework */,
			);
			name = Frameworks;
			sourceTree = "<group>";
		};
		EE24936E1D3358BF00B68AE0 = {
			isa = PBXGroup;
			children = (
				EE2493791D3358BF00B68AE0 /* DrewsList */,
				EE24938E1D3358BF00B68AE0 /* DrewsListTests */,
				EE2493991D3358BF00B68AE0 /* DrewsListUITests */,
				EE2493781D3358BF00B68AE0 /* Products */,
				58CFF0135C8DF77CC0DA82EA /* Pods */,
				BB78812FDB59131810969013 /* Frameworks */,
			);
			sourceTree = "<group>";
		};
		EE2493781D3358BF00B68AE0 /* Products */ = {
			isa = PBXGroup;
			children = (
				EE2493771D3358BF00B68AE0 /* DrewsList.app */,
				EE24938B1D3358BF00B68AE0 /* DrewsListTests.xctest */,
				EE2493961D3358BF00B68AE0 /* DrewsListUITests.xctest */,
			);
			name = Products;
			sourceTree = "<group>";
		};
		EE2493791D3358BF00B68AE0 /* DrewsList */ = {
			isa = PBXGroup;
			children = (
				EE2493861D3358BF00B68AE0 /* Info.plist */,
				EE2493AF1D335BFB00B68AE0 /* GoogleService-Info.plist */,
				EE2493A91D33591D00B68AE0 /* Config */,
				EE2493A81D33591700B68AE0 /* Assets */,
				EE2493831D3358BF00B68AE0 /* LaunchScreen.storyboard */,
				EE2493811D3358BF00B68AE0 /* Assets.xcassets */,
			);
			path = DrewsList;
			sourceTree = "<group>";
		};
		EE24938E1D3358BF00B68AE0 /* DrewsListTests */ = {
			isa = PBXGroup;
			children = (
				EE24938F1D3358BF00B68AE0 /* DrewsListTests.swift */,
				EE2493911D3358BF00B68AE0 /* Info.plist */,
			);
			path = DrewsListTests;
			sourceTree = "<group>";
		};
		EE2493991D3358BF00B68AE0 /* DrewsListUITests */ = {
			isa = PBXGroup;
			children = (
				EE24939A1D3358BF00B68AE0 /* DrewsListUITests.swift */,
				EE24939C1D3358BF00B68AE0 /* Info.plist */,
			);
			path = DrewsListUITests;
			sourceTree = "<group>";
		};
		EE2493A81D33591700B68AE0 /* Assets */ = {
			isa = PBXGroup;
			children = (
				EE2493AE1D3359BF00B68AE0 /* Model */,
				EE2493AD1D3359BB00B68AE0 /* Controller */,
				EE2493AC1D3359B700B68AE0 /* View */,
			);
			name = Assets;
			sourceTree = "<group>";
		};
		EE2493A91D33591D00B68AE0 /* Config */ = {
			isa = PBXGroup;
			children = (
				EE24937A1D3358BF00B68AE0 /* AppDelegate.swift */,
			);
			name = Config;
			sourceTree = "<group>";
		};
		EE2493AC1D3359B700B68AE0 /* View */ = {
			isa = PBXGroup;
			children = (
				EE2493AA1D33595D00B68AE0 /* CameraView.swift */,
			);
			name = View;
			sourceTree = "<group>";
		};
		EE2493AD1D3359BB00B68AE0 /* Controller */ = {
			isa = PBXGroup;
			children = (
			);
			name = Controller;
			sourceTree = "<group>";
		};
		EE2493AE1D3359BF00B68AE0 /* Model */ = {
			isa = PBXGroup;
			children = (
			);
			name = Model;
			sourceTree = "<group>";
		};
/* End PBXGroup section */

/* Begin PBXNativeTarget section */
		EE2493761D3358BF00B68AE0 /* DrewsList */ = {
			isa = PBXNativeTarget;
			buildConfigurationList = EE24939F1D3358BF00B68AE0 /* Build configuration list for PBXNativeTarget "DrewsList" */;
			buildPhases = (
				A0773BC2B963907F6286AE10 /* [CP] Check Pods Manifest.lock */,
				EE2493731D3358BF00B68AE0 /* Sources */,
				EE2493741D3358BF00B68AE0 /* Frameworks */,
				EE2493751D3358BF00B68AE0 /* Resources */,
				E3CC0623DEC9AB4F46829962 /* [CP] Embed Pods Frameworks */,
				A7297399440DDF4D084465BC /* [CP] Copy Pods Resources */,
			);
			buildRules = (
			);
			dependencies = (
			);
			name = DrewsList;
			productName = DrewsList;
			productReference = EE2493771D3358BF00B68AE0 /* DrewsList.app */;
			productType = "com.apple.product-type.application";
		};
		EE24938A1D3358BF00B68AE0 /* DrewsListTests */ = {
			isa = PBXNativeTarget;
			buildConfigurationList = EE2493A21D3358BF00B68AE0 /* Build configuration list for PBXNativeTarget "DrewsListTests" */;
			buildPhases = (
				5DC588B677020BE3DE8A43AE /* [CP] Check Pods Manifest.lock */,
				EE2493871D3358BF00B68AE0 /* Sources */,
				EE2493881D3358BF00B68AE0 /* Frameworks */,
				EE2493891D3358BF00B68AE0 /* Resources */,
				1BC289BF0582D1D089B6FC52 /* [CP] Embed Pods Frameworks */,
				DE4BE6EED5B7FD4CFD52F778 /* [CP] Copy Pods Resources */,
			);
			buildRules = (
			);
			dependencies = (
				EE24938D1D3358BF00B68AE0 /* PBXTargetDependency */,
			);
			name = DrewsListTests;
			productName = DrewsListTests;
			productReference = EE24938B1D3358BF00B68AE0 /* DrewsListTests.xctest */;
			productType = "com.apple.product-type.bundle.unit-test";
		};
		EE2493951D3358BF00B68AE0 /* DrewsListUITests */ = {
			isa = PBXNativeTarget;
			buildConfigurationList = EE2493A51D3358BF00B68AE0 /* Build configuration list for PBXNativeTarget "DrewsListUITests" */;
			buildPhases = (
				EE2493921D3358BF00B68AE0 /* Sources */,
				EE2493931D3358BF00B68AE0 /* Frameworks */,
				EE2493941D3358BF00B68AE0 /* Resources */,
			);
			buildRules = (
			);
			dependencies = (
				EE2493981D3358BF00B68AE0 /* PBXTargetDependency */,
			);
			name = DrewsListUITests;
			productName = DrewsListUITests;
			productReference = EE2493961D3358BF00B68AE0 /* DrewsListUITests.xctest */;
			productType = "com.apple.product-type.bundle.ui-testing";
		};
/* End PBXNativeTarget section */

/* Begin PBXProject section */
		EE24936F1D3358BF00B68AE0 /* Project object */ = {
			isa = PBXProject;
			attributes = {
				LastSwiftUpdateCheck = 0730;
				LastUpgradeCheck = 0730;
				ORGANIZATIONNAME = "Andrew Aquino";
				TargetAttributes = {
					EE2493761D3358BF00B68AE0 = {
						CreatedOnToolsVersion = 7.3.1;
						DevelopmentTeam = 8SJ3UJ3963;
					};
					EE24938A1D3358BF00B68AE0 = {
						CreatedOnToolsVersion = 7.3.1;
						TestTargetID = EE2493761D3358BF00B68AE0;
					};
					EE2493951D3358BF00B68AE0 = {
						CreatedOnToolsVersion = 7.3.1;
						TestTargetID = EE2493761D3358BF00B68AE0;
					};
				};
			};
			buildConfigurationList = EE2493721D3358BF00B68AE0 /* Build configuration list for PBXProject "DrewsList" */;
			compatibilityVersion = "Xcode 3.2";
			developmentRegion = English;
			hasScannedForEncodings = 0;
			knownRegions = (
				en,
				Base,
			);
			mainGroup = EE24936E1D3358BF00B68AE0;
			productRefGroup = EE2493781D3358BF00B68AE0 /* Products */;
			projectDirPath = "";
			projectRoot = "";
			targets = (
				EE2493761D3358BF00B68AE0 /* DrewsList */,
				EE24938A1D3358BF00B68AE0 /* DrewsListTests */,
				EE2493951D3358BF00B68AE0 /* DrewsListUITests */,
			);
		};
/* End PBXProject section */

/* Begin PBXResourcesBuildPhase section */
		EE2493751D3358BF00B68AE0 /* Resources */ = {
			isa = PBXResourcesBuildPhase;
			buildActionMask = 2147483647;
			files = (
				EE2493851D3358BF00B68AE0 /* LaunchScreen.storyboard in Resources */,
				EE2493821D3358BF00B68AE0 /* Assets.xcassets in Resources */,
				EE2493B01D335BFB00B68AE0 /* GoogleService-Info.plist in Resources */,
			);
			runOnlyForDeploymentPostprocessing = 0;
		};
		EE2493891D3358BF00B68AE0 /* Resources */ = {
			isa = PBXResourcesBuildPhase;
			buildActionMask = 2147483647;
			files = (
			);
			runOnlyForDeploymentPostprocessing = 0;
		};
		EE2493941D3358BF00B68AE0 /* Resources */ = {
			isa = PBXResourcesBuildPhase;
			buildActionMask = 2147483647;
			files = (
			);
			runOnlyForDeploymentPostprocessing = 0;
		};
/* End PBXResourcesBuildPhase section */

/* Begin PBXShellScriptBuildPhase section */
		1BC289BF0582D1D089B6FC52 /* [CP] Embed Pods Frameworks */ = {
			isa = PBXShellScriptBuildPhase;
			buildActionMask = 2147483647;
			files = (
			);
			inputPaths = (
			);
			name = "[CP] Embed Pods Frameworks";
			outputPaths = (
			);
			runOnlyForDeploymentPostprocessing = 0;
			shellPath = /bin/sh;
			shellScript = "\"${SRCROOT}/Pods/Target Support Files/Pods-DrewsListTests/Pods-DrewsListTests-frameworks.sh\"\n";
			showEnvVarsInLog = 0;
		};
		5DC588B677020BE3DE8A43AE /* [CP] Check Pods Manifest.lock */ = {
			isa = PBXShellScriptBuildPhase;
			buildActionMask = 2147483647;
			files = (
			);
			inputPaths = (
			);
			name = "[CP] Check Pods Manifest.lock";
			outputPaths = (
			);
			runOnlyForDeploymentPostprocessing = 0;
			shellPath = /bin/sh;
			shellScript = "diff \"${PODS_ROOT}/../Podfile.lock\" \"${PODS_ROOT}/Manifest.lock\" > /dev/null\nif [[ $? != 0 ]] ; then\n    cat << EOM\nerror: The sandbox is not in sync with the Podfile.lock. Run 'pod install' or update your CocoaPods installation.\nEOM\n    exit 1\nfi\n";
			showEnvVarsInLog = 0;
		};
		A0773BC2B963907F6286AE10 /* [CP] Check Pods Manifest.lock */ = {
			isa = PBXShellScriptBuildPhase;
			buildActionMask = 2147483647;
			files = (
			);
			inputPaths = (
			);
			name = "[CP] Check Pods Manifest.lock";
			outputPaths = (
			);
			runOnlyForDeploymentPostprocessing = 0;
			shellPath = /bin/sh;
			shellScript = "diff \"${PODS_ROOT}/../Podfile.lock\" \"${PODS_ROOT}/Manifest.lock\" > /dev/null\nif [[ $? != 0 ]] ; then\n    cat << EOM\nerror: The sandbox is not in sync with the Podfile.lock. Run 'pod install' or update your CocoaPods installation.\nEOM\n    exit 1\nfi\n";
			showEnvVarsInLog = 0;
		};
		A7297399440DDF4D084465BC /* [CP] Copy Pods Resources */ = {
			isa = PBXShellScriptBuildPhase;
			buildActionMask = 2147483647;
			files = (
			);
			inputPaths = (
			);
			name = "[CP] Copy Pods Resources";
			outputPaths = (
			);
			runOnlyForDeploymentPostprocessing = 0;
			shellPath = /bin/sh;
			shellScript = "\"${SRCROOT}/Pods/Target Support Files/Pods-DrewsList/Pods-DrewsList-resources.sh\"\n";
			showEnvVarsInLog = 0;
		};
		DE4BE6EED5B7FD4CFD52F778 /* [CP] Copy Pods Resources */ = {
			isa = PBXShellScriptBuildPhase;
			buildActionMask = 2147483647;
			files = (
			);
			inputPaths = (
			);
			name = "[CP] Copy Pods Resources";
			outputPaths = (
			);
			runOnlyForDeploymentPostprocessing = 0;
			shellPath = /bin/sh;
			shellScript = "\"${SRCROOT}/Pods/Target Support Files/Pods-DrewsListTests/Pods-DrewsListTests-resources.sh\"\n";
			showEnvVarsInLog = 0;
		};
		E3CC0623DEC9AB4F46829962 /* [CP] Embed Pods Frameworks */ = {
			isa = PBXShellScriptBuildPhase;
			buildActionMask = 2147483647;
			files = (
			);
			inputPaths = (
			);
			name = "[CP] Embed Pods Frameworks";
			outputPaths = (
			);
			runOnlyForDeploymentPostprocessing = 0;
			shellPath = /bin/sh;
			shellScript = "\"${SRCROOT}/Pods/Target Support Files/Pods-DrewsList/Pods-DrewsList-frameworks.sh\"\n";
			showEnvVarsInLog = 0;
		};
/* End PBXShellScriptBuildPhase section */

/* Begin PBXSourcesBuildPhase section */
		EE2493731D3358BF00B68AE0 /* Sources */ = {
			isa = PBXSourcesBuildPhase;
			buildActionMask = 2147483647;
			files = (
				EE24937B1D3358BF00B68AE0 /* AppDelegate.swift in Sources */,
				EE2493AB1D33595D00B68AE0 /* CameraView.swift in Sources */,
			);
			runOnlyForDeploymentPostprocessing = 0;
		};
		EE2493871D3358BF00B68AE0 /* Sources */ = {
			isa = PBXSourcesBuildPhase;
			buildActionMask = 2147483647;
			files = (
				EE2493901D3358BF00B68AE0 /* DrewsListTests.swift in Sources */,
			);
			runOnlyForDeploymentPostprocessing = 0;
		};
		EE2493921D3358BF00B68AE0 /* Sources */ = {
			isa = PBXSourcesBuildPhase;
			buildActionMask = 2147483647;
			files = (
				EE24939B1D3358BF00B68AE0 /* DrewsListUITests.swift in Sources */,
			);
			runOnlyForDeploymentPostprocessing = 0;
		};
/* End PBXSourcesBuildPhase section */

/* Begin PBXTargetDependency section */
		EE24938D1D3358BF00B68AE0 /* PBXTargetDependency */ = {
			isa = PBXTargetDependency;
			target = EE2493761D3358BF00B68AE0 /* DrewsList */;
			targetProxy = EE24938C1D3358BF00B68AE0 /* PBXContainerItemProxy */;
		};
		EE2493981D3358BF00B68AE0 /* PBXTargetDependency */ = {
			isa = PBXTargetDependency;
			target = EE2493761D3358BF00B68AE0 /* DrewsList */;
			targetProxy = EE2493971D3358BF00B68AE0 /* PBXContainerItemProxy */;
		};
/* End PBXTargetDependency section */

/* Begin PBXVariantGroup section */
		EE2493831D3358BF00B68AE0 /* LaunchScreen.storyboard */ = {
			isa = PBXVariantGroup;
			children = (
				EE2493841D3358BF00B68AE0 /* Base */,
			);
			name = LaunchScreen.storyboard;
			sourceTree = "<group>";
		};
/* End PBXVariantGroup section */

/* Begin XCBuildConfiguration section */
		EE24939D1D3358BF00B68AE0 /* Debug */ = {
			isa = XCBuildConfiguration;
			buildSettings = {
				ALWAYS_SEARCH_USER_PATHS = NO;
				CLANG_ANALYZER_NONNULL = YES;
				CLANG_CXX_LANGUAGE_STANDARD = "gnu++0x";
				CLANG_CXX_LIBRARY = "libc++";
				CLANG_ENABLE_MODULES = YES;
				CLANG_ENABLE_OBJC_ARC = YES;
				CLANG_WARN_BOOL_CONVERSION = YES;
				CLANG_WARN_CONSTANT_CONVERSION = YES;
				CLANG_WARN_DIRECT_OBJC_ISA_USAGE = YES_ERROR;
				CLANG_WARN_EMPTY_BODY = YES;
				CLANG_WARN_ENUM_CONVERSION = YES;
				CLANG_WARN_INT_CONVERSION = YES;
				CLANG_WARN_OBJC_ROOT_CLASS = YES_ERROR;
				CLANG_WARN_UNREACHABLE_CODE = YES;
				CLANG_WARN__DUPLICATE_METHOD_MATCH = YES;
				"CODE_SIGN_IDENTITY[sdk=iphoneos*]" = "iPhone Developer";
				COPY_PHASE_STRIP = NO;
				DEBUG_INFORMATION_FORMAT = dwarf;
				ENABLE_STRICT_OBJC_MSGSEND = YES;
				ENABLE_TESTABILITY = YES;
				GCC_C_LANGUAGE_STANDARD = gnu99;
				GCC_DYNAMIC_NO_PIC = NO;
				GCC_NO_COMMON_BLOCKS = YES;
				GCC_OPTIMIZATION_LEVEL = 0;
				GCC_PREPROCESSOR_DEFINITIONS = (
					"DEBUG=1",
					"$(inherited)",
				);
				GCC_WARN_64_TO_32_BIT_CONVERSION = YES;
				GCC_WARN_ABOUT_RETURN_TYPE = YES_ERROR;
				GCC_WARN_UNDECLARED_SELECTOR = YES;
				GCC_WARN_UNINITIALIZED_AUTOS = YES_AGGRESSIVE;
				GCC_WARN_UNUSED_FUNCTION = YES;
				GCC_WARN_UNUSED_VARIABLE = YES;
				IPHONEOS_DEPLOYMENT_TARGET = 9.3;
				MTL_ENABLE_DEBUG_INFO = YES;
				ONLY_ACTIVE_ARCH = YES;
				SDKROOT = iphoneos;
				SWIFT_OPTIMIZATION_LEVEL = "-Onone";
				TARGETED_DEVICE_FAMILY = "1,2";
			};
			name = Debug;
		};
		EE24939E1D3358BF00B68AE0 /* Release */ = {
			isa = XCBuildConfiguration;
			buildSettings = {
				ALWAYS_SEARCH_USER_PATHS = NO;
				CLANG_ANALYZER_NONNULL = YES;
				CLANG_CXX_LANGUAGE_STANDARD = "gnu++0x";
				CLANG_CXX_LIBRARY = "libc++";
				CLANG_ENABLE_MODULES = YES;
				CLANG_ENABLE_OBJC_ARC = YES;
				CLANG_WARN_BOOL_CONVERSION = YES;
				CLANG_WARN_CONSTANT_CONVERSION = YES;
				CLANG_WARN_DIRECT_OBJC_ISA_USAGE = YES_ERROR;
				CLANG_WARN_EMPTY_BODY = YES;
				CLANG_WARN_ENUM_CONVERSION = YES;
				CLANG_WARN_INT_CONVERSION = YES;
				CLANG_WARN_OBJC_ROOT_CLASS = YES_ERROR;
				CLANG_WARN_UNREACHABLE_CODE = YES;
				CLANG_WARN__DUPLICATE_METHOD_MATCH = YES;
				"CODE_SIGN_IDENTITY[sdk=iphoneos*]" = "iPhone Developer";
				COPY_PHASE_STRIP = NO;
				DEBUG_INFORMATION_FORMAT = "dwarf-with-dsym";
				ENABLE_NS_ASSERTIONS = NO;
				ENABLE_STRICT_OBJC_MSGSEND = YES;
				GCC_C_LANGUAGE_STANDARD = gnu99;
				GCC_NO_COMMON_BLOCKS = YES;
				GCC_WARN_64_TO_32_BIT_CONVERSION = YES;
				GCC_WARN_ABOUT_RETURN_TYPE = YES_ERROR;
				GCC_WARN_UNDECLARED_SELECTOR = YES;
				GCC_WARN_UNINITIALIZED_AUTOS = YES_AGGRESSIVE;
				GCC_WARN_UNUSED_FUNCTION = YES;
				GCC_WARN_UNUSED_VARIABLE = YES;
				IPHONEOS_DEPLOYMENT_TARGET = 9.3;
				MTL_ENABLE_DEBUG_INFO = NO;
				SDKROOT = iphoneos;
				TARGETED_DEVICE_FAMILY = "1,2";
				VALIDATE_PRODUCT = YES;
			};
			name = Release;
		};
		EE2493A01D3358BF00B68AE0 /* Debug */ = {
			isa = XCBuildConfiguration;
			baseConfigurationReference = 2E91F7817C4D34D74EC7B4B1 /* Pods-DrewsList.debug.xcconfig */;
			buildSettings = {
				ASSETCATALOG_COMPILER_APPICON_NAME = AppIcon;
				CODE_SIGN_IDENTITY = "iPhone Developer";
				INFOPLIST_FILE = DrewsList/Info.plist;
				LD_RUNPATH_SEARCH_PATHS = "$(inherited) @executable_path/Frameworks";
				PRODUCT_BUNDLE_IDENTIFIER = TotemV.DrewsList;
				PRODUCT_NAME = "$(TARGET_NAME)";
			};
			name = Debug;
		};
		EE2493A11D3358BF00B68AE0 /* Release */ = {
			isa = XCBuildConfiguration;
			baseConfigurationReference = CC9EAA882C13FB681741A88A /* Pods-DrewsList.release.xcconfig */;
			buildSettings = {
				ASSETCATALOG_COMPILER_APPICON_NAME = AppIcon;
				CODE_SIGN_IDENTITY = "iPhone Developer";
				INFOPLIST_FILE = DrewsList/Info.plist;
				LD_RUNPATH_SEARCH_PATHS = "$(inherited) @executable_path/Frameworks";
				PRODUCT_BUNDLE_IDENTIFIER = TotemV.DrewsList;
				PRODUCT_NAME = "$(TARGET_NAME)";
			};
			name = Release;
		};
		EE2493A31D3358BF00B68AE0 /* Debug */ = {
			isa = XCBuildConfiguration;
			baseConfigurationReference = 620233B748DA1D6498A5F05F /* Pods-DrewsListTests.debug.xcconfig */;
			buildSettings = {
				BUNDLE_LOADER = "$(TEST_HOST)";
				INFOPLIST_FILE = DrewsListTests/Info.plist;
				LD_RUNPATH_SEARCH_PATHS = "$(inherited) @executable_path/Frameworks @loader_path/Frameworks";
				PRODUCT_BUNDLE_IDENTIFIER = TotemV.DrewsListTests;
				PRODUCT_NAME = "$(TARGET_NAME)";
				TEST_HOST = "$(BUILT_PRODUCTS_DIR)/DrewsList.app/DrewsList";
			};
			name = Debug;
		};
		EE2493A41D3358BF00B68AE0 /* Release */ = {
			isa = XCBuildConfiguration;
			baseConfigurationReference = 61450A4F86E6F6ADB32DD346 /* Pods-DrewsListTests.release.xcconfig */;
			buildSettings = {
				BUNDLE_LOADER = "$(TEST_HOST)";
				INFOPLIST_FILE = DrewsListTests/Info.plist;
				LD_RUNPATH_SEARCH_PATHS = "$(inherited) @executable_path/Frameworks @loader_path/Frameworks";
				PRODUCT_BUNDLE_IDENTIFIER = TotemV.DrewsListTests;
				PRODUCT_NAME = "$(TARGET_NAME)";
				TEST_HOST = "$(BUILT_PRODUCTS_DIR)/DrewsList.app/DrewsList";
			};
			name = Release;
		};
		EE2493A61D3358BF00B68AE0 /* Debug */ = {
			isa = XCBuildConfiguration;
			buildSettings = {
				INFOPLIST_FILE = DrewsListUITests/Info.plist;
				LD_RUNPATH_SEARCH_PATHS = "$(inherited) @executable_path/Frameworks @loader_path/Frameworks";
				PRODUCT_BUNDLE_IDENTIFIER = TotemV.DrewsListUITests;
				PRODUCT_NAME = "$(TARGET_NAME)";
				TEST_TARGET_NAME = DrewsList;
			};
			name = Debug;
		};
		EE2493A71D3358BF00B68AE0 /* Release */ = {
			isa = XCBuildConfiguration;
			buildSettings = {
				INFOPLIST_FILE = DrewsListUITests/Info.plist;
				LD_RUNPATH_SEARCH_PATHS = "$(inherited) @executable_path/Frameworks @loader_path/Frameworks";
				PRODUCT_BUNDLE_IDENTIFIER = TotemV.DrewsListUITests;
				PRODUCT_NAME = "$(TARGET_NAME)";
				TEST_TARGET_NAME = DrewsList;
			};
			name = Release;
		};
/* End XCBuildConfiguration section */

/* Begin XCConfigurationList section */
		EE2493721D3358BF00B68AE0 /* Build configuration list for PBXProject "DrewsList" */ = {
			isa = XCConfigurationList;
			buildConfigurations = (
				EE24939D1D3358BF00B68AE0 /* Debug */,
				EE24939E1D3358BF00B68AE0 /* Release */,
			);
			defaultConfigurationIsVisible = 0;
			defaultConfigurationName = Release;
		};
		EE24939F1D3358BF00B68AE0 /* Build configuration list for PBXNativeTarget "DrewsList" */ = {
			isa = XCConfigurationList;
			buildConfigurations = (
				EE2493A01D3358BF00B68AE0 /* Debug */,
				EE2493A11D3358BF00B68AE0 /* Release */,
			);
			defaultConfigurationIsVisible = 0;
			defaultConfigurationName = Release;
		};
		EE2493A21D3358BF00B68AE0 /* Build configuration list for PBXNativeTarget "DrewsListTests" */ = {
			isa = XCConfigurationList;
			buildConfigurations = (
				EE2493A31D3358BF00B68AE0 /* Debug */,
				EE2493A41D3358BF00B68AE0 /* Release */,
			);
			defaultConfigurationIsVisible = 0;
			defaultConfigurationName = Release;
		};
		EE2493A51D3358BF00B68AE0 /* Build configuration list for PBXNativeTarget "DrewsListUITests" */ = {
			isa = XCConfigurationList;
			buildConfigurations = (
				EE2493A61D3358BF00B68AE0 /* Debug */,
				EE2493A71D3358BF00B68AE0 /* Release */,
			);
			defaultConfigurationIsVisible = 0;
			defaultConfigurationName = Release;
		};
/* End XCConfigurationList section */
	};
	rootObject = EE24936F1D3358BF00B68AE0 /* Project object */;
}
