// !$*UTF8*$!
{
	archiveVersion = 1;
	classes = {
	};
	objectVersion = 46;
	objects = {

/* Begin PBXBuildFile section */
		0708BCDF4975D048B620B2D5 /* Pods_drewslist.framework in Frameworks */ = {isa = PBXBuildFile; fileRef = 07964E63752F274944C10C90 /* Pods_drewslist.framework */; };
		EE4907871F5CC48E006A797C /* TestViewController.swift in Sources */ = {isa = PBXBuildFile; fileRef = EE4907861F5CC48E006A797C /* TestViewController.swift */; };
		EE4D14D41F58D445005291BB /* ListingViewController.swift in Sources */ = {isa = PBXBuildFile; fileRef = EE4D14D31F58D445005291BB /* ListingViewController.swift */; };
		EE57638C1F53AEA900A38273 /* GoogleService-Info.plist in Resources */ = {isa = PBXBuildFile; fileRef = EE57638B1F53AEA900A38273 /* GoogleService-Info.plist */; };
		EE57638F1F53B17A00A38273 /* DataStore.swift in Sources */ = {isa = PBXBuildFile; fileRef = EE57638E1F53B17A00A38273 /* DataStore.swift */; };
		EE5763911F53B3F800A38273 /* User.swift in Sources */ = {isa = PBXBuildFile; fileRef = EE5763901F53B3F800A38273 /* User.swift */; };
		EE5763931F53B3FC00A38273 /* Book.swift in Sources */ = {isa = PBXBuildFile; fileRef = EE5763921F53B3FC00A38273 /* Book.swift */; };
		EE5763961F53BEB600A38273 /* BookListViewController.swift in Sources */ = {isa = PBXBuildFile; fileRef = EE5763951F53BEB600A38273 /* BookListViewController.swift */; };
		EE5763991F53BFCD00A38273 /* BookListCell.swift in Sources */ = {isa = PBXBuildFile; fileRef = EE5763981F53BFCD00A38273 /* BookListCell.swift */; };
		EE57639C1F53BFF400A38273 /* Basics.swift in Sources */ = {isa = PBXBuildFile; fileRef = EE57639B1F53BFF400A38273 /* Basics.swift */; };
		EE7ED9CF1F5391CE00874D96 /* RootController.swift in Sources */ = {isa = PBXBuildFile; fileRef = EE7ED9CE1F5391CE00874D96 /* RootController.swift */; };
		EE7ED9D11F53933700874D96 /* RootNavigationController.swift in Sources */ = {isa = PBXBuildFile; fileRef = EE7ED9D01F53933700874D96 /* RootNavigationController.swift */; };
		EE964A021F538844009604D9 /* AppDelegate.swift in Sources */ = {isa = PBXBuildFile; fileRef = EE964A011F538844009604D9 /* AppDelegate.swift */; };
		EE964A0C1F538844009604D9 /* LaunchScreen.storyboard in Resources */ = {isa = PBXBuildFile; fileRef = EE964A0A1F538844009604D9 /* LaunchScreen.storyboard */; };
		EE964A151F538948009604D9 /* UIExtensions.swift in Sources */ = {isa = PBXBuildFile; fileRef = EE964A141F538948009604D9 /* UIExtensions.swift */; };
		EEA573CA1F64932400B87D48 /* CameraManager.swift in Sources */ = {isa = PBXBuildFile; fileRef = EEA573C91F64932400B87D48 /* CameraManager.swift */; };
		EEA573CC1F64A91A00B87D48 /* Assets.xcassets in Resources */ = {isa = PBXBuildFile; fileRef = EEA573CB1F64A91A00B87D48 /* Assets.xcassets */; };
		EEB2A5781F5D096D00513A02 /* HeaderView.swift in Sources */ = {isa = PBXBuildFile; fileRef = EEB2A5771F5D096D00513A02 /* HeaderView.swift */; };
		EEB2A57A1F5D0D9800513A02 /* FoundationExtensions.swift in Sources */ = {isa = PBXBuildFile; fileRef = EEB2A5791F5D0D9800513A02 /* FoundationExtensions.swift */; };
		EEBE80801F5B08CA00ABAAF6 /* GeoFire.m in Sources */ = {isa = PBXBuildFile; fileRef = EEBE80771F5B08CA00ABAAF6 /* GeoFire.m */; };
		EEBE80811F5B08CA00ABAAF6 /* GFBase32Utils.m in Sources */ = {isa = PBXBuildFile; fileRef = EEBE80791F5B08CA00ABAAF6 /* GFBase32Utils.m */; };
		EEBE80821F5B08CA00ABAAF6 /* GFGeoHash.m in Sources */ = {isa = PBXBuildFile; fileRef = EEBE807B1F5B08CA00ABAAF6 /* GFGeoHash.m */; };
		EEBE80831F5B08CA00ABAAF6 /* GFGeoHashQuery.m in Sources */ = {isa = PBXBuildFile; fileRef = EEBE807D1F5B08CA00ABAAF6 /* GFGeoHashQuery.m */; };
		EEBE80841F5B08CA00ABAAF6 /* GFQuery.m in Sources */ = {isa = PBXBuildFile; fileRef = EEBE807F1F5B08CA00ABAAF6 /* GFQuery.m */; };
		EEBE80861F5B114C00ABAAF6 /* Media.swift in Sources */ = {isa = PBXBuildFile; fileRef = EEBE80851F5B114C00ABAAF6 /* Media.swift */; };
		EEC1981C1F64B2CE005A87D1 /* ImagePickerButton.swift in Sources */ = {isa = PBXBuildFile; fileRef = EEC1981B1F64B2CE005A87D1 /* ImagePickerButton.swift */; };
		EEC1981E1F64BF23005A87D1 /* ISBNManager.swift in Sources */ = {isa = PBXBuildFile; fileRef = EEC1981D1F64BF23005A87D1 /* ISBNManager.swift */; };
		EEC198201F64D939005A87D1 /* Listing.swift in Sources */ = {isa = PBXBuildFile; fileRef = EEC1981F1F64D939005A87D1 /* Listing.swift */; };
		EEF63CA61F65E28100E7387E /* listings.json in Resources */ = {isa = PBXBuildFile; fileRef = EEF63CA51F65E28100E7387E /* listings.json */; };
		EEF63CA81F65E2CC00E7387E /* FileManager.swift in Sources */ = {isa = PBXBuildFile; fileRef = EEF63CA71F65E2CC00E7387E /* FileManager.swift */; };
		EEF63CAA1F65E9F300E7387E /* LocationManager.swift in Sources */ = {isa = PBXBuildFile; fileRef = EEF63CA91F65E9F300E7387E /* LocationManager.swift */; };
/* End PBXBuildFile section */

/* Begin PBXFileReference section */
		07964E63752F274944C10C90 /* Pods_drewslist.framework */ = {isa = PBXFileReference; explicitFileType = wrapper.framework; includeInIndex = 0; path = Pods_drewslist.framework; sourceTree = BUILT_PRODUCTS_DIR; };
		C43A6742FD8D93E0B51B16D1 /* Pods-drewslist.debug.xcconfig */ = {isa = PBXFileReference; includeInIndex = 1; lastKnownFileType = text.xcconfig; name = "Pods-drewslist.debug.xcconfig"; path = "Pods/Target Support Files/Pods-drewslist/Pods-drewslist.debug.xcconfig"; sourceTree = "<group>"; };
		CA15A9F218C930F3FB17495D /* Pods-drewslist.release.xcconfig */ = {isa = PBXFileReference; includeInIndex = 1; lastKnownFileType = text.xcconfig; name = "Pods-drewslist.release.xcconfig"; path = "Pods/Target Support Files/Pods-drewslist/Pods-drewslist.release.xcconfig"; sourceTree = "<group>"; };
		EE4907861F5CC48E006A797C /* TestViewController.swift */ = {isa = PBXFileReference; fileEncoding = 4; lastKnownFileType = sourcecode.swift; path = TestViewController.swift; sourceTree = "<group>"; };
		EE4D14D31F58D445005291BB /* ListingViewController.swift */ = {isa = PBXFileReference; fileEncoding = 4; lastKnownFileType = sourcecode.swift; path = ListingViewController.swift; sourceTree = "<group>"; };
		EE57638B1F53AEA900A38273 /* GoogleService-Info.plist */ = {isa = PBXFileReference; fileEncoding = 4; lastKnownFileType = text.plist.xml; path = "GoogleService-Info.plist"; sourceTree = SOURCE_ROOT; };
		EE57638E1F53B17A00A38273 /* DataStore.swift */ = {isa = PBXFileReference; fileEncoding = 4; lastKnownFileType = sourcecode.swift; path = DataStore.swift; sourceTree = "<group>"; };
		EE5763901F53B3F800A38273 /* User.swift */ = {isa = PBXFileReference; fileEncoding = 4; lastKnownFileType = sourcecode.swift; path = User.swift; sourceTree = "<group>"; };
		EE5763921F53B3FC00A38273 /* Book.swift */ = {isa = PBXFileReference; fileEncoding = 4; lastKnownFileType = sourcecode.swift; path = Book.swift; sourceTree = "<group>"; };
		EE5763951F53BEB600A38273 /* BookListViewController.swift */ = {isa = PBXFileReference; fileEncoding = 4; lastKnownFileType = sourcecode.swift; path = BookListViewController.swift; sourceTree = "<group>"; };
		EE5763981F53BFCD00A38273 /* BookListCell.swift */ = {isa = PBXFileReference; fileEncoding = 4; lastKnownFileType = sourcecode.swift; path = BookListCell.swift; sourceTree = "<group>"; };
		EE57639B1F53BFF400A38273 /* Basics.swift */ = {isa = PBXFileReference; fileEncoding = 4; lastKnownFileType = sourcecode.swift; path = Basics.swift; sourceTree = "<group>"; };
		EE7ED9CE1F5391CE00874D96 /* RootController.swift */ = {isa = PBXFileReference; fileEncoding = 4; lastKnownFileType = sourcecode.swift; path = RootController.swift; sourceTree = "<group>"; };
		EE7ED9D01F53933700874D96 /* RootNavigationController.swift */ = {isa = PBXFileReference; fileEncoding = 4; lastKnownFileType = sourcecode.swift; path = RootNavigationController.swift; sourceTree = "<group>"; };
		EE9649FE1F538844009604D9 /* DrewsList.app */ = {isa = PBXFileReference; explicitFileType = wrapper.application; includeInIndex = 0; path = DrewsList.app; sourceTree = BUILT_PRODUCTS_DIR; };
		EE964A011F538844009604D9 /* AppDelegate.swift */ = {isa = PBXFileReference; lastKnownFileType = sourcecode.swift; path = AppDelegate.swift; sourceTree = "<group>"; };
		EE964A0B1F538844009604D9 /* Base */ = {isa = PBXFileReference; lastKnownFileType = file.storyboard; name = Base; path = Base.lproj/LaunchScreen.storyboard; sourceTree = "<group>"; };
		EE964A0D1F538844009604D9 /* Info.plist */ = {isa = PBXFileReference; lastKnownFileType = text.plist.xml; path = Info.plist; sourceTree = "<group>"; };
		EE964A141F538948009604D9 /* UIExtensions.swift */ = {isa = PBXFileReference; fileEncoding = 4; lastKnownFileType = sourcecode.swift; path = UIExtensions.swift; sourceTree = "<group>"; };
		EEA573C91F64932400B87D48 /* CameraManager.swift */ = {isa = PBXFileReference; fileEncoding = 4; lastKnownFileType = sourcecode.swift; path = CameraManager.swift; sourceTree = "<group>"; };
		EEA573CB1F64A91A00B87D48 /* Assets.xcassets */ = {isa = PBXFileReference; lastKnownFileType = folder.assetcatalog; path = Assets.xcassets; sourceTree = "<group>"; };
		EEB2A5771F5D096D00513A02 /* HeaderView.swift */ = {isa = PBXFileReference; fileEncoding = 4; lastKnownFileType = sourcecode.swift; path = HeaderView.swift; sourceTree = "<group>"; };
		EEB2A5791F5D0D9800513A02 /* FoundationExtensions.swift */ = {isa = PBXFileReference; fileEncoding = 4; lastKnownFileType = sourcecode.swift; path = FoundationExtensions.swift; sourceTree = "<group>"; };
		EEBE806D1F5B037400ABAAF6 /* drewslist-bridging-header.h */ = {isa = PBXFileReference; lastKnownFileType = sourcecode.c.h; path = "drewslist-bridging-header.h"; sourceTree = "<group>"; };
		EEBE80701F5B08CA00ABAAF6 /* GeoFire.h */ = {isa = PBXFileReference; fileEncoding = 4; lastKnownFileType = sourcecode.c.h; path = GeoFire.h; sourceTree = "<group>"; };
		EEBE80711F5B08CA00ABAAF6 /* GFCircleQuery.h */ = {isa = PBXFileReference; fileEncoding = 4; lastKnownFileType = sourcecode.c.h; path = GFCircleQuery.h; sourceTree = "<group>"; };
		EEBE80721F5B08CA00ABAAF6 /* GFQuery.h */ = {isa = PBXFileReference; fileEncoding = 4; lastKnownFileType = sourcecode.c.h; path = GFQuery.h; sourceTree = "<group>"; };
		EEBE80731F5B08CA00ABAAF6 /* GFRegionQuery.h */ = {isa = PBXFileReference; fileEncoding = 4; lastKnownFileType = sourcecode.c.h; path = GFRegionQuery.h; sourceTree = "<group>"; };
		EEBE80741F5B08CA00ABAAF6 /* GeoFire-Prefix.pch */ = {isa = PBXFileReference; fileEncoding = 4; lastKnownFileType = sourcecode.c.h; path = "GeoFire-Prefix.pch"; sourceTree = "<group>"; };
		EEBE80761F5B08CA00ABAAF6 /* GeoFire+Private.h */ = {isa = PBXFileReference; fileEncoding = 4; lastKnownFileType = sourcecode.c.h; path = "GeoFire+Private.h"; sourceTree = "<group>"; };
		EEBE80771F5B08CA00ABAAF6 /* GeoFire.m */ = {isa = PBXFileReference; fileEncoding = 4; lastKnownFileType = sourcecode.c.objc; path = GeoFire.m; sourceTree = "<group>"; };
		EEBE80781F5B08CA00ABAAF6 /* GFBase32Utils.h */ = {isa = PBXFileReference; fileEncoding = 4; lastKnownFileType = sourcecode.c.h; path = GFBase32Utils.h; sourceTree = "<group>"; };
		EEBE80791F5B08CA00ABAAF6 /* GFBase32Utils.m */ = {isa = PBXFileReference; fileEncoding = 4; lastKnownFileType = sourcecode.c.objc; path = GFBase32Utils.m; sourceTree = "<group>"; };
		EEBE807A1F5B08CA00ABAAF6 /* GFGeoHash.h */ = {isa = PBXFileReference; fileEncoding = 4; lastKnownFileType = sourcecode.c.h; path = GFGeoHash.h; sourceTree = "<group>"; };
		EEBE807B1F5B08CA00ABAAF6 /* GFGeoHash.m */ = {isa = PBXFileReference; fileEncoding = 4; lastKnownFileType = sourcecode.c.objc; path = GFGeoHash.m; sourceTree = "<group>"; };
		EEBE807C1F5B08CA00ABAAF6 /* GFGeoHashQuery.h */ = {isa = PBXFileReference; fileEncoding = 4; lastKnownFileType = sourcecode.c.h; path = GFGeoHashQuery.h; sourceTree = "<group>"; };
		EEBE807D1F5B08CA00ABAAF6 /* GFGeoHashQuery.m */ = {isa = PBXFileReference; fileEncoding = 4; lastKnownFileType = sourcecode.c.objc; path = GFGeoHashQuery.m; sourceTree = "<group>"; };
		EEBE807E1F5B08CA00ABAAF6 /* GFQuery+Private.h */ = {isa = PBXFileReference; fileEncoding = 4; lastKnownFileType = sourcecode.c.h; path = "GFQuery+Private.h"; sourceTree = "<group>"; };
		EEBE807F1F5B08CA00ABAAF6 /* GFQuery.m */ = {isa = PBXFileReference; fileEncoding = 4; lastKnownFileType = sourcecode.c.objc; path = GFQuery.m; sourceTree = "<group>"; };
		EEBE80851F5B114C00ABAAF6 /* Media.swift */ = {isa = PBXFileReference; fileEncoding = 4; lastKnownFileType = sourcecode.swift; path = Media.swift; sourceTree = "<group>"; };
		EEC1981B1F64B2CE005A87D1 /* ImagePickerButton.swift */ = {isa = PBXFileReference; fileEncoding = 4; lastKnownFileType = sourcecode.swift; path = ImagePickerButton.swift; sourceTree = "<group>"; };
		EEC1981D1F64BF23005A87D1 /* ISBNManager.swift */ = {isa = PBXFileReference; fileEncoding = 4; lastKnownFileType = sourcecode.swift; path = ISBNManager.swift; sourceTree = "<group>"; };
		EEC1981F1F64D939005A87D1 /* Listing.swift */ = {isa = PBXFileReference; fileEncoding = 4; lastKnownFileType = sourcecode.swift; path = Listing.swift; sourceTree = "<group>"; };
		EEF63CA51F65E28100E7387E /* listings.json */ = {isa = PBXFileReference; fileEncoding = 4; lastKnownFileType = text.json; path = listings.json; sourceTree = "<group>"; };
		EEF63CA71F65E2CC00E7387E /* FileManager.swift */ = {isa = PBXFileReference; fileEncoding = 4; lastKnownFileType = sourcecode.swift; path = FileManager.swift; sourceTree = "<group>"; };
		EEF63CA91F65E9F300E7387E /* LocationManager.swift */ = {isa = PBXFileReference; fileEncoding = 4; lastKnownFileType = sourcecode.swift; path = LocationManager.swift; sourceTree = "<group>"; };
/* End PBXFileReference section */

/* Begin PBXFrameworksBuildPhase section */
		EE9649FB1F538844009604D9 /* Frameworks */ = {
			isa = PBXFrameworksBuildPhase;
			buildActionMask = 2147483647;
			files = (
				0708BCDF4975D048B620B2D5 /* Pods_drewslist.framework in Frameworks */,
			);
			runOnlyForDeploymentPostprocessing = 0;
		};
/* End PBXFrameworksBuildPhase section */

/* Begin PBXGroup section */
		E2669B7068F8D411F71FD0D4 /* Frameworks */ = {
			isa = PBXGroup;
			children = (
				07964E63752F274944C10C90 /* Pods_drewslist.framework */,
			);
			name = Frameworks;
			sourceTree = "<group>";
		};
		E3A8CD7360490C2102DCFAE6 /* Pods */ = {
			isa = PBXGroup;
			children = (
				C43A6742FD8D93E0B51B16D1 /* Pods-drewslist.debug.xcconfig */,
				CA15A9F218C930F3FB17495D /* Pods-drewslist.release.xcconfig */,
			);
			name = Pods;
			sourceTree = "<group>";
		};
		EE4D14D21F58D42B005291BB /* listing */ = {
			isa = PBXGroup;
			children = (
				EE4D14D31F58D445005291BB /* ListingViewController.swift */,
			);
			name = listing;
			sourceTree = "<group>";
		};
		EE57638D1F53B16500A38273 /* model */ = {
			isa = PBXGroup;
			children = (
				EE57638E1F53B17A00A38273 /* DataStore.swift */,
				EE5763901F53B3F800A38273 /* User.swift */,
				EE5763921F53B3FC00A38273 /* Book.swift */,
				EEBE80851F5B114C00ABAAF6 /* Media.swift */,
				EEC1981F1F64D939005A87D1 /* Listing.swift */,
			);
			name = model;
			sourceTree = "<group>";
		};
		EE5763941F53BE9C00A38273 /* view */ = {
			isa = PBXGroup;
			children = (
				EEB2A5761F5D096300513A02 /* subviews */,
				EE7ED9CE1F5391CE00874D96 /* RootController.swift */,
				EE7ED9D01F53933700874D96 /* RootNavigationController.swift */,
				EE4D14D21F58D42B005291BB /* listing */,
				EE5763971F53BFB700A38273 /* booklist */,
				EE4907861F5CC48E006A797C /* TestViewController.swift */,
			);
			name = view;
			sourceTree = "<group>";
		};
		EE5763971F53BFB700A38273 /* booklist */ = {
			isa = PBXGroup;
			children = (
				EE5763951F53BEB600A38273 /* BookListViewController.swift */,
				EE5763981F53BFCD00A38273 /* BookListCell.swift */,
			);
			name = booklist;
			sourceTree = "<group>";
		};
		EE57639A1F53BFED00A38273 /* subclasses */ = {
			isa = PBXGroup;
			children = (
				EE57639B1F53BFF400A38273 /* Basics.swift */,
				EEC1981B1F64B2CE005A87D1 /* ImagePickerButton.swift */,
			);
			name = subclasses;
			sourceTree = "<group>";
		};
		EE9649F51F538844009604D9 = {
			isa = PBXGroup;
			children = (
				EE964A001F538844009604D9 /* drewslist */,
				EE9649FF1F538844009604D9 /* Products */,
				E3A8CD7360490C2102DCFAE6 /* Pods */,
				E2669B7068F8D411F71FD0D4 /* Frameworks */,
			);
			sourceTree = "<group>";
		};
		EE9649FF1F538844009604D9 /* Products */ = {
			isa = PBXGroup;
			children = (
				EE9649FE1F538844009604D9 /* DrewsList.app */,
			);
			name = Products;
			sourceTree = "<group>";
		};
		EE964A001F538844009604D9 /* drewslist */ = {
			isa = PBXGroup;
			children = (
				EEF63CA41F65E26B00E7387E /* JSON */,
				EEA573C81F64931500B87D48 /* manager */,
				EEBE80681F5B02FE00ABAAF6 /* thirdParty */,
				EE57639A1F53BFED00A38273 /* subclasses */,
				EE5763941F53BE9C00A38273 /* view */,
				EE57638D1F53B16500A38273 /* model */,
				EE964A131F53892A009604D9 /* utility */,
				EE964A011F538844009604D9 /* AppDelegate.swift */,
				EE964A0A1F538844009604D9 /* LaunchScreen.storyboard */,
				EEA573CB1F64A91A00B87D48 /* Assets.xcassets */,
				EE964A0D1F538844009604D9 /* Info.plist */,
				EE57638B1F53AEA900A38273 /* GoogleService-Info.plist */,
				EEBE806D1F5B037400ABAAF6 /* drewslist-bridging-header.h */,
			);
			path = drewslist;
			sourceTree = "<group>";
		};
		EE964A131F53892A009604D9 /* utility */ = {
			isa = PBXGroup;
			children = (
				EE964A141F538948009604D9 /* UIExtensions.swift */,
				EEB2A5791F5D0D9800513A02 /* FoundationExtensions.swift */,
			);
			name = utility;
			sourceTree = "<group>";
		};
		EEA573C81F64931500B87D48 /* manager */ = {
			isa = PBXGroup;
			children = (
				EEA573C91F64932400B87D48 /* CameraManager.swift */,
				EEC1981D1F64BF23005A87D1 /* ISBNManager.swift */,
				EEF63CA71F65E2CC00E7387E /* FileManager.swift */,
				EEF63CA91F65E9F300E7387E /* LocationManager.swift */,
			);
			name = manager;
			sourceTree = "<group>";
		};
		EEB2A5761F5D096300513A02 /* subviews */ = {
			isa = PBXGroup;
			children = (
				EEB2A5771F5D096D00513A02 /* HeaderView.swift */,
			);
			name = subviews;
			sourceTree = "<group>";
		};
		EEBE80681F5B02FE00ABAAF6 /* thirdParty */ = {
			isa = PBXGroup;
			children = (
				EEBE806E1F5B08CA00ABAAF6 /* GeoFire */,
			);
			name = thirdParty;
			sourceTree = "<group>";
		};
		EEBE806E1F5B08CA00ABAAF6 /* GeoFire */ = {
			isa = PBXGroup;
			children = (
				EEBE806F1F5B08CA00ABAAF6 /* API */,
				EEBE80741F5B08CA00ABAAF6 /* GeoFire-Prefix.pch */,
				EEBE80751F5B08CA00ABAAF6 /* Implementation */,
			);
			path = GeoFire;
			sourceTree = "<group>";
		};
		EEBE806F1F5B08CA00ABAAF6 /* API */ = {
			isa = PBXGroup;
			children = (
				EEBE80701F5B08CA00ABAAF6 /* GeoFire.h */,
				EEBE80711F5B08CA00ABAAF6 /* GFCircleQuery.h */,
				EEBE80721F5B08CA00ABAAF6 /* GFQuery.h */,
				EEBE80731F5B08CA00ABAAF6 /* GFRegionQuery.h */,
			);
			path = API;
			sourceTree = "<group>";
		};
		EEBE80751F5B08CA00ABAAF6 /* Implementation */ = {
			isa = PBXGroup;
			children = (
				EEBE80761F5B08CA00ABAAF6 /* GeoFire+Private.h */,
				EEBE80771F5B08CA00ABAAF6 /* GeoFire.m */,
				EEBE80781F5B08CA00ABAAF6 /* GFBase32Utils.h */,
				EEBE80791F5B08CA00ABAAF6 /* GFBase32Utils.m */,
				EEBE807A1F5B08CA00ABAAF6 /* GFGeoHash.h */,
				EEBE807B1F5B08CA00ABAAF6 /* GFGeoHash.m */,
				EEBE807C1F5B08CA00ABAAF6 /* GFGeoHashQuery.h */,
				EEBE807D1F5B08CA00ABAAF6 /* GFGeoHashQuery.m */,
				EEBE807E1F5B08CA00ABAAF6 /* GFQuery+Private.h */,
				EEBE807F1F5B08CA00ABAAF6 /* GFQuery.m */,
			);
			path = Implementation;
			sourceTree = "<group>";
		};
		EEF63CA41F65E26B00E7387E /* JSON */ = {
			isa = PBXGroup;
			children = (
				EEF63CA51F65E28100E7387E /* listings.json */,
			);
			name = JSON;
			sourceTree = "<group>";
		};
/* End PBXGroup section */

/* Begin PBXNativeTarget section */
		EE9649FD1F538844009604D9 /* DrewsList */ = {
			isa = PBXNativeTarget;
			buildConfigurationList = EE964A101F538844009604D9 /* Build configuration list for PBXNativeTarget "DrewsList" */;
			buildPhases = (
				63EEFD39E83F96B146E78A4D /* [CP] Check Pods Manifest.lock */,
				EE9649FA1F538844009604D9 /* Sources */,
				EE9649FB1F538844009604D9 /* Frameworks */,
				EE9649FC1F538844009604D9 /* Resources */,
				45F603301268F62D653BFFF3 /* [CP] Embed Pods Frameworks */,
				720206C700ABF0704748B232 /* [CP] Copy Pods Resources */,
			);
			buildRules = (
			);
			dependencies = (
			);
			name = DrewsList;
			productName = drewslist;
			productReference = EE9649FE1F538844009604D9 /* DrewsList.app */;
			productType = "com.apple.product-type.application";
		};
/* End PBXNativeTarget section */

/* Begin PBXProject section */
		EE9649F61F538844009604D9 /* Project object */ = {
			isa = PBXProject;
			attributes = {
				LastSwiftUpdateCheck = 0830;
				LastUpgradeCheck = 0830;
				ORGANIZATIONNAME = "Andrew Aquino";
				TargetAttributes = {
					EE9649FD1F538844009604D9 = {
						CreatedOnToolsVersion = 8.3.2;
						DevelopmentTeam = 8SJ3UJ3963;
						ProvisioningStyle = Automatic;
					};
				};
			};
			buildConfigurationList = EE9649F91F538844009604D9 /* Build configuration list for PBXProject "drewslist" */;
			compatibilityVersion = "Xcode 3.2";
			developmentRegion = English;
			hasScannedForEncodings = 0;
			knownRegions = (
				en,
				Base,
			);
			mainGroup = EE9649F51F538844009604D9;
			productRefGroup = EE9649FF1F538844009604D9 /* Products */;
			projectDirPath = "";
			projectRoot = "";
			targets = (
				EE9649FD1F538844009604D9 /* DrewsList */,
			);
		};
/* End PBXProject section */

/* Begin PBXResourcesBuildPhase section */
		EE9649FC1F538844009604D9 /* Resources */ = {
			isa = PBXResourcesBuildPhase;
			buildActionMask = 2147483647;
			files = (
				EE964A0C1F538844009604D9 /* LaunchScreen.storyboard in Resources */,
				EEA573CC1F64A91A00B87D48 /* Assets.xcassets in Resources */,
				EEF63CA61F65E28100E7387E /* listings.json in Resources */,
				EE57638C1F53AEA900A38273 /* GoogleService-Info.plist in Resources */,
			);
			runOnlyForDeploymentPostprocessing = 0;
		};
/* End PBXResourcesBuildPhase section */

/* Begin PBXShellScriptBuildPhase section */
		45F603301268F62D653BFFF3 /* [CP] Embed Pods Frameworks */ = {
			isa = PBXShellScriptBuildPhase;
			buildActionMask = 2147483647;
			files = (
			);
			inputPaths = (
				"${SRCROOT}/Pods/Target Support Files/Pods-drewslist/Pods-drewslist-frameworks.sh",
				"${BUILT_PRODUCTS_DIR}/Alamofire/Alamofire.framework",
				"${BUILT_PRODUCTS_DIR}/Atlantis/Atlantis.framework",
				"${BUILT_PRODUCTS_DIR}/BarcodeScanner/BarcodeScanner.framework",
				"${BUILT_PRODUCTS_DIR}/Cartography/Cartography.framework",
				"${BUILT_PRODUCTS_DIR}/Fakery/Fakery.framework",
				"${BUILT_PRODUCTS_DIR}/GTMSessionFetcher/GTMSessionFetcher.framework",
				"${BUILT_PRODUCTS_DIR}/GoogleToolboxForMac/GoogleToolboxForMac.framework",
				"${BUILT_PRODUCTS_DIR}/ImagePicker/ImagePicker.framework",
				"${BUILT_PRODUCTS_DIR}/ObjectMapper/ObjectMapper.framework",
				"${BUILT_PRODUCTS_DIR}/Pantry/Pantry.framework",
				"${BUILT_PRODUCTS_DIR}/PromiseKit/PromiseKit.framework",
				"${BUILT_PRODUCTS_DIR}/SDWebImage/SDWebImage.framework",
				"${BUILT_PRODUCTS_DIR}/Signals/Signals.framework",
				"${BUILT_PRODUCTS_DIR}/SwiftLocation/SwiftLocation.framework",
				"${BUILT_PRODUCTS_DIR}/SwiftyTimer/SwiftyTimer.framework",
				"${BUILT_PRODUCTS_DIR}/leveldb-library/leveldb.framework",
				"${BUILT_PRODUCTS_DIR}/nanopb/nanopb.framework",
			);
			name = "[CP] Embed Pods Frameworks";
			outputPaths = (
				"${TARGET_BUILD_DIR}/${FRAMEWORKS_FOLDER_PATH}/Alamofire.framework",
				"${TARGET_BUILD_DIR}/${FRAMEWORKS_FOLDER_PATH}/Atlantis.framework",
				"${TARGET_BUILD_DIR}/${FRAMEWORKS_FOLDER_PATH}/BarcodeScanner.framework",
				"${TARGET_BUILD_DIR}/${FRAMEWORKS_FOLDER_PATH}/Cartography.framework",
				"${TARGET_BUILD_DIR}/${FRAMEWORKS_FOLDER_PATH}/Fakery.framework",
				"${TARGET_BUILD_DIR}/${FRAMEWORKS_FOLDER_PATH}/GTMSessionFetcher.framework",
				"${TARGET_BUILD_DIR}/${FRAMEWORKS_FOLDER_PATH}/GoogleToolboxForMac.framework",
				"${TARGET_BUILD_DIR}/${FRAMEWORKS_FOLDER_PATH}/ImagePicker.framework",
				"${TARGET_BUILD_DIR}/${FRAMEWORKS_FOLDER_PATH}/ObjectMapper.framework",
				"${TARGET_BUILD_DIR}/${FRAMEWORKS_FOLDER_PATH}/Pantry.framework",
				"${TARGET_BUILD_DIR}/${FRAMEWORKS_FOLDER_PATH}/PromiseKit.framework",
				"${TARGET_BUILD_DIR}/${FRAMEWORKS_FOLDER_PATH}/SDWebImage.framework",
				"${TARGET_BUILD_DIR}/${FRAMEWORKS_FOLDER_PATH}/Signals.framework",
				"${TARGET_BUILD_DIR}/${FRAMEWORKS_FOLDER_PATH}/SwiftLocation.framework",
				"${TARGET_BUILD_DIR}/${FRAMEWORKS_FOLDER_PATH}/SwiftyTimer.framework",
				"${TARGET_BUILD_DIR}/${FRAMEWORKS_FOLDER_PATH}/leveldb.framework",
				"${TARGET_BUILD_DIR}/${FRAMEWORKS_FOLDER_PATH}/nanopb.framework",
			);
			runOnlyForDeploymentPostprocessing = 0;
			shellPath = /bin/sh;
			shellScript = "\"${SRCROOT}/Pods/Target Support Files/Pods-drewslist/Pods-drewslist-frameworks.sh\"\n";
			showEnvVarsInLog = 0;
		};
		63EEFD39E83F96B146E78A4D /* [CP] Check Pods Manifest.lock */ = {
			isa = PBXShellScriptBuildPhase;
			buildActionMask = 2147483647;
			files = (
			);
			inputPaths = (
				"${PODS_PODFILE_DIR_PATH}/Podfile.lock",
				"${PODS_ROOT}/Manifest.lock",
			);
			name = "[CP] Check Pods Manifest.lock";
			outputPaths = (
				"$(DERIVED_FILE_DIR)/Pods-drewslist-checkManifestLockResult.txt",
			);
			runOnlyForDeploymentPostprocessing = 0;
			shellPath = /bin/sh;
			shellScript = "diff \"${PODS_PODFILE_DIR_PATH}/Podfile.lock\" \"${PODS_ROOT}/Manifest.lock\" > /dev/null\nif [ $? != 0 ] ; then\n    # print error to STDERR\n    echo \"error: The sandbox is not in sync with the Podfile.lock. Run 'pod install' or update your CocoaPods installation.\" >&2\n    exit 1\nfi\n# This output is used by Xcode 'outputs' to avoid re-running this script phase.\necho \"SUCCESS\" > \"${SCRIPT_OUTPUT_FILE_0}\"\n";
			showEnvVarsInLog = 0;
		};
		720206C700ABF0704748B232 /* [CP] Copy Pods Resources */ = {
			isa = PBXShellScriptBuildPhase;
			buildActionMask = 2147483647;
			files = (
			);
			inputPaths = (
			);
			name = "[CP] Copy Pods Resources";
			outputPaths = (
			);
			runOnlyForDeploymentPostprocessing = 0;
			shellPath = /bin/sh;
			shellScript = "\"${SRCROOT}/Pods/Target Support Files/Pods-drewslist/Pods-drewslist-resources.sh\"\n";
			showEnvVarsInLog = 0;
		};
/* End PBXShellScriptBuildPhase section */

/* Begin PBXSourcesBuildPhase section */
		EE9649FA1F538844009604D9 /* Sources */ = {
			isa = PBXSourcesBuildPhase;
			buildActionMask = 2147483647;
			files = (
				EE964A151F538948009604D9 /* UIExtensions.swift in Sources */,
				EE4907871F5CC48E006A797C /* TestViewController.swift in Sources */,
				EE964A021F538844009604D9 /* AppDelegate.swift in Sources */,
				EEC1981E1F64BF23005A87D1 /* ISBNManager.swift in Sources */,
				EE4D14D41F58D445005291BB /* ListingViewController.swift in Sources */,
				EE57639C1F53BFF400A38273 /* Basics.swift in Sources */,
				EE5763931F53B3FC00A38273 /* Book.swift in Sources */,
				EE5763911F53B3F800A38273 /* User.swift in Sources */,
				EEBE80821F5B08CA00ABAAF6 /* GFGeoHash.m in Sources */,
				EE7ED9D11F53933700874D96 /* RootNavigationController.swift in Sources */,
				EEF63CA81F65E2CC00E7387E /* FileManager.swift in Sources */,
				EEC198201F64D939005A87D1 /* Listing.swift in Sources */,
				EEF63CAA1F65E9F300E7387E /* LocationManager.swift in Sources */,
				EEA573CA1F64932400B87D48 /* CameraManager.swift in Sources */,
				EE5763961F53BEB600A38273 /* BookListViewController.swift in Sources */,
				EE5763991F53BFCD00A38273 /* BookListCell.swift in Sources */,
				EEBE80841F5B08CA00ABAAF6 /* GFQuery.m in Sources */,
				EE57638F1F53B17A00A38273 /* DataStore.swift in Sources */,
				EEC1981C1F64B2CE005A87D1 /* ImagePickerButton.swift in Sources */,
				EEB2A57A1F5D0D9800513A02 /* FoundationExtensions.swift in Sources */,
				EEBE80801F5B08CA00ABAAF6 /* GeoFire.m in Sources */,
				EEB2A5781F5D096D00513A02 /* HeaderView.swift in Sources */,
				EEBE80861F5B114C00ABAAF6 /* Media.swift in Sources */,
				EEBE80831F5B08CA00ABAAF6 /* GFGeoHashQuery.m in Sources */,
				EEBE80811F5B08CA00ABAAF6 /* GFBase32Utils.m in Sources */,
				EE7ED9CF1F5391CE00874D96 /* RootController.swift in Sources */,
			);
			runOnlyForDeploymentPostprocessing = 0;
		};
/* End PBXSourcesBuildPhase section */

/* Begin PBXVariantGroup section */
		EE964A0A1F538844009604D9 /* LaunchScreen.storyboard */ = {
			isa = PBXVariantGroup;
			children = (
				EE964A0B1F538844009604D9 /* Base */,
			);
			name = LaunchScreen.storyboard;
			sourceTree = "<group>";
		};
/* End PBXVariantGroup section */

/* Begin XCBuildConfiguration section */
		EE964A0E1F538844009604D9 /* Debug */ = {
			isa = XCBuildConfiguration;
			buildSettings = {
				ALWAYS_SEARCH_USER_PATHS = NO;
				CLANG_ANALYZER_NONNULL = YES;
				CLANG_ANALYZER_NUMBER_OBJECT_CONVERSION = YES_AGGRESSIVE;
				CLANG_CXX_LANGUAGE_STANDARD = "gnu++0x";
				CLANG_CXX_LIBRARY = "libc++";
				CLANG_ENABLE_MODULES = YES;
				CLANG_ENABLE_OBJC_ARC = YES;
				CLANG_WARN_BOOL_CONVERSION = YES;
				CLANG_WARN_CONSTANT_CONVERSION = YES;
				CLANG_WARN_DIRECT_OBJC_ISA_USAGE = YES_ERROR;
				CLANG_WARN_DOCUMENTATION_COMMENTS = YES;
				CLANG_WARN_EMPTY_BODY = YES;
				CLANG_WARN_ENUM_CONVERSION = YES;
				CLANG_WARN_INFINITE_RECURSION = YES;
				CLANG_WARN_INT_CONVERSION = YES;
				CLANG_WARN_OBJC_ROOT_CLASS = YES_ERROR;
				CLANG_WARN_SUSPICIOUS_MOVE = YES;
				CLANG_WARN_UNREACHABLE_CODE = YES;
				CLANG_WARN__DUPLICATE_METHOD_MATCH = YES;
				"CODE_SIGN_IDENTITY[sdk=iphoneos*]" = "iPhone Developer";
				COPY_PHASE_STRIP = NO;
				DEBUG_INFORMATION_FORMAT = dwarf;
				ENABLE_STRICT_OBJC_MSGSEND = YES;
				ENABLE_TESTABILITY = YES;
				GCC_C_LANGUAGE_STANDARD = gnu99;
				GCC_DYNAMIC_NO_PIC = NO;
				GCC_NO_COMMON_BLOCKS = YES;
				GCC_OPTIMIZATION_LEVEL = 0;
				GCC_PREPROCESSOR_DEFINITIONS = (
					"DEBUG=1",
					"$(inherited)",
				);
				GCC_WARN_64_TO_32_BIT_CONVERSION = YES;
				GCC_WARN_ABOUT_RETURN_TYPE = YES_ERROR;
				GCC_WARN_UNDECLARED_SELECTOR = YES;
				GCC_WARN_UNINITIALIZED_AUTOS = YES_AGGRESSIVE;
				GCC_WARN_UNUSED_FUNCTION = YES;
				GCC_WARN_UNUSED_VARIABLE = YES;
				IPHONEOS_DEPLOYMENT_TARGET = 10.3;
				MTL_ENABLE_DEBUG_INFO = YES;
				ONLY_ACTIVE_ARCH = YES;
				SDKROOT = iphoneos;
				SWIFT_ACTIVE_COMPILATION_CONDITIONS = DEBUG;
				SWIFT_OPTIMIZATION_LEVEL = "-Onone";
				TARGETED_DEVICE_FAMILY = "1,2";
			};
			name = Debug;
		};
		EE964A0F1F538844009604D9 /* Release */ = {
			isa = XCBuildConfiguration;
			buildSettings = {
				ALWAYS_SEARCH_USER_PATHS = NO;
				CLANG_ANALYZER_NONNULL = YES;
				CLANG_ANALYZER_NUMBER_OBJECT_CONVERSION = YES_AGGRESSIVE;
				CLANG_CXX_LANGUAGE_STANDARD = "gnu++0x";
				CLANG_CXX_LIBRARY = "libc++";
				CLANG_ENABLE_MODULES = YES;
				CLANG_ENABLE_OBJC_ARC = YES;
				CLANG_WARN_BOOL_CONVERSION = YES;
				CLANG_WARN_CONSTANT_CONVERSION = YES;
				CLANG_WARN_DIRECT_OBJC_ISA_USAGE = YES_ERROR;
				CLANG_WARN_DOCUMENTATION_COMMENTS = YES;
				CLANG_WARN_EMPTY_BODY = YES;
				CLANG_WARN_ENUM_CONVERSION = YES;
				CLANG_WARN_INFINITE_RECURSION = YES;
				CLANG_WARN_INT_CONVERSION = YES;
				CLANG_WARN_OBJC_ROOT_CLASS = YES_ERROR;
				CLANG_WARN_SUSPICIOUS_MOVE = YES;
				CLANG_WARN_UNREACHABLE_CODE = YES;
				CLANG_WARN__DUPLICATE_METHOD_MATCH = YES;
				"CODE_SIGN_IDENTITY[sdk=iphoneos*]" = "iPhone Developer";
				COPY_PHASE_STRIP = NO;
				DEBUG_INFORMATION_FORMAT = "dwarf-with-dsym";
				ENABLE_NS_ASSERTIONS = NO;
				ENABLE_STRICT_OBJC_MSGSEND = YES;
				GCC_C_LANGUAGE_STANDARD = gnu99;
				GCC_NO_COMMON_BLOCKS = YES;
				GCC_WARN_64_TO_32_BIT_CONVERSION = YES;
				GCC_WARN_ABOUT_RETURN_TYPE = YES_ERROR;
				GCC_WARN_UNDECLARED_SELECTOR = YES;
				GCC_WARN_UNINITIALIZED_AUTOS = YES_AGGRESSIVE;
				GCC_WARN_UNUSED_FUNCTION = YES;
				GCC_WARN_UNUSED_VARIABLE = YES;
				IPHONEOS_DEPLOYMENT_TARGET = 10.3;
				MTL_ENABLE_DEBUG_INFO = NO;
				SDKROOT = iphoneos;
				SWIFT_OPTIMIZATION_LEVEL = "-Owholemodule";
				TARGETED_DEVICE_FAMILY = "1,2";
				VALIDATE_PRODUCT = YES;
			};
			name = Release;
		};
		EE964A111F538844009604D9 /* Debug */ = {
			isa = XCBuildConfiguration;
			baseConfigurationReference = C43A6742FD8D93E0B51B16D1 /* Pods-drewslist.debug.xcconfig */;
			buildSettings = {
				ASSETCATALOG_COMPILER_APPICON_NAME = AppIcon;
				ASSETCATALOG_COMPILER_LAUNCHIMAGE_NAME = LaunchImage;
				DEVELOPMENT_TEAM = 8SJ3UJ3963;
				INFOPLIST_FILE = drewslist/Info.plist;
				IPHONEOS_DEPLOYMENT_TARGET = 10.3;
				LD_RUNPATH_SEARCH_PATHS = "$(inherited) @executable_path/Frameworks";
				PRODUCT_BUNDLE_IDENTIFIER = com.totemv.drewslistios;
				PRODUCT_NAME = "$(TARGET_NAME)";
				SWIFT_OBJC_BRIDGING_HEADER = "$(PROJECT_NAME)/drewslist-bridging-header.h";
				SWIFT_VERSION = 3.0;
				TARGETED_DEVICE_FAMILY = 1;
				USER_HEADER_SEARCH_PATHS = "$(PROJECT_NAME)/**";
			};
			name = Debug;
		};
		EE964A121F538844009604D9 /* Release */ = {
			isa = XCBuildConfiguration;
			baseConfigurationReference = CA15A9F218C930F3FB17495D /* Pods-drewslist.release.xcconfig */;
			buildSettings = {
				ASSETCATALOG_COMPILER_APPICON_NAME = AppIcon;
				ASSETCATALOG_COMPILER_LAUNCHIMAGE_NAME = LaunchImage;
				DEVELOPMENT_TEAM = 8SJ3UJ3963;
				INFOPLIST_FILE = drewslist/Info.plist;
				IPHONEOS_DEPLOYMENT_TARGET = 10.3;
				LD_RUNPATH_SEARCH_PATHS = "$(inherited) @executable_path/Frameworks";
				PRODUCT_BUNDLE_IDENTIFIER = com.totemv.drewslistios;
				PRODUCT_NAME = "$(TARGET_NAME)";
				SWIFT_OBJC_BRIDGING_HEADER = "$(PROJECT_NAME)/drewslist-bridging-header.h";
				SWIFT_VERSION = 3.0;
				TARGETED_DEVICE_FAMILY = 1;
				USER_HEADER_SEARCH_PATHS = "$(PROJECT_NAME)/**";
			};
			name = Release;
		};
/* End XCBuildConfiguration section */

/* Begin XCConfigurationList section */
		EE9649F91F538844009604D9 /* Build configuration list for PBXProject "drewslist" */ = {
			isa = XCConfigurationList;
			buildConfigurations = (
				EE964A0E1F538844009604D9 /* Debug */,
				EE964A0F1F538844009604D9 /* Release */,
			);
			defaultConfigurationIsVisible = 0;
			defaultConfigurationName = Release;
		};
		EE964A101F538844009604D9 /* Build configuration list for PBXNativeTarget "DrewsList" */ = {
			isa = XCConfigurationList;
			buildConfigurations = (
				EE964A111F538844009604D9 /* Debug */,
				EE964A121F538844009604D9 /* Release */,
			);
			defaultConfigurationIsVisible = 0;
			defaultConfigurationName = Release;
		};
/* End XCConfigurationList section */
	};
	rootObject = EE9649F61F538844009604D9 /* Project object */;
}
